
Microsoft Visual Studio Solution File, Format Version 12.00
# Visual Studio 15
VisualStudioVersion = 15.0.28010.2036
MinimumVisualStudioVersion = 10.0.40219.1
Project("{FAE04EC0-301F-11D3-BF4B-00C04F79EFBC}") = "CData.Twitter.RetrieveZozoTweets", "CData.Twitter.RetrieveZozoTweets\CData.Twitter.RetrieveZozoTweets.csproj", "{113E854E-854F-43ED-B018-391B0ACF9B20}"
EndProject
Global
	GlobalSection(SolutionConfigurationPlatforms) = preSolution
		Debug|Any CPU = Debug|Any CPU
		Release|Any CPU = Release|Any CPU
	EndGlobalSection
	GlobalSection(ProjectConfigurationPlatforms) = postSolution
		{113E854E-854F-43ED-B018-391B0ACF9B20}.Debug|Any CPU.ActiveCfg = Debug|Any CPU
		{113E854E-854F-43ED-B018-391B0ACF9B20}.Debug|Any CPU.Build.0 = Debug|Any CPU
		{113E854E-854F-43ED-B018-391B0ACF9B20}.Release|Any CPU.ActiveCfg = Release|Any CPU
		{113E854E-854F-43ED-B018-391B0ACF9B20}.Release|Any CPU.Build.0 = Release|Any CPU
	EndGlobalSection
	GlobalSection(SolutionProperties) = preSolution
		HideSolutionNode = FALSE
	EndGlobalSection
	GlobalSection(ExtensibilityGlobals) = postSolution
		SolutionGuid = {6058BEB5-07B2-4E8D-AFB0-5D4938BFE226}
	EndGlobalSection
EndGlobal
